Microsoft Visual Studio Solution File, Format Version 12.00
# Visual Studio Version 17
VisualStudioVersion = 17.5.2.0
MinimumVisualStudioVersion = 10.0.40219.1
Project("{FAE04EC0-301F-11D3-BF4B-00C04F79EFBC}") = "BlazorFinalProject", "BlazorFinalProject.csproj", "{4C2CEE5F-1D98-7637-9F54-686E4D29DDEF}"
EndProject
Global
	GlobalSection(SolutionConfigurationPlatforms) = preSolution
		Debug|Any CPU = Debug|Any CPU
		Release|Any CPU = Release|Any CPU
	EndGlobalSection
	GlobalSection(ProjectConfigurationPlatforms) = postSolution
		{4C2CEE5F-1D98-7637-9F54-686E4D29DDEF}.Debug|Any CPU.ActiveCfg = Debug|Any CPU
		{4C2CEE5F-1D98-7637-9F54-686E4D29DDEF}.Debug|Any CPU.Build.0 = Debug|Any CPU
		{4C2CEE5F-1D98-7637-9F54-686E4D29DDEF}.Release|Any CPU.ActiveCfg = Release|Any CPU
		{4C2CEE5F-1D98-7637-9F54-686E4D29DDEF}.Release|Any CPU.Build.0 = Release|Any CPU
	EndGlobalSection
	GlobalSection(SolutionProperties) = preSolution
		HideSolutionNode = FALSE
	EndGlobalSection
	GlobalSection(ExtensibilityGlobals) = postSolution
		SolutionGuid = {AD1C7862-DBEA-49C1-955C-C4085F9CE50F}
	EndGlobalSection
EndGlobal
